
Microsoft Visual Studio Solution File, Format Version 12.00
# Visual Studio Version 16
VisualStudioVersion = 16.0.32901.82
MinimumVisualStudioVersion = 10.0.40219.1
Project("{FAE04EC0-301F-11D3-BF4B-00C04F79EFBC}") = "Tamirci", "Tamirci\Tamirci.csproj", "{17F5200B-EB8F-4E70-94D3-685E826DFE6B}"
EndProject
Global
	GlobalSection(SolutionConfigurationPlatforms) = preSolution
		Debug|Any CPU = Debug|Any CPU
		Release|Any CPU = Release|Any CPU
	EndGlobalSection
	GlobalSection(ProjectConfigurationPlatforms) = postSolution
		{17F5200B-EB8F-4E70-94D3-685E826DFE6B}.Debug|Any CPU.ActiveCfg = Debug|Any CPU
		{17F5200B-EB8F-4E70-94D3-685E826DFE6B}.Debug|Any CPU.Build.0 = Debug|Any CPU
		{17F5200B-EB8F-4E70-94D3-685E826DFE6B}.Release|Any CPU.ActiveCfg = Release|Any CPU
		{17F5200B-EB8F-4E70-94D3-685E826DFE6B}.Release|Any CPU.Build.0 = Release|Any CPU
	EndGlobalSection
	GlobalSection(SolutionProperties) = preSolution
		HideSolutionNode = FALSE
	EndGlobalSection
	GlobalSection(ExtensibilityGlobals) = postSolution
		SolutionGuid = {219A5382-3D1E-4C61-A996-B42D8E9CAB91}
	EndGlobalSection
EndGlobal
